
Microsoft Visual Studio Solution File, Format Version 12.00
# Visual Studio 14
VisualStudioVersion = 14.0.25420.1
MinimumVisualStudioVersion = 10.0.40219.1
Project("{FAE04EC0-301F-11D3-BF4B-00C04F79EFBC}") = "HelloWorld", "HelloWorld\HelloWorld.csproj", "{66F83FDE-8EE6-49B4-A3C6-2F0509E5183D}"
EndProject
Project("{FAE04EC0-301F-11D3-BF4B-00C04F79EFBC}") = "PrintNumbers", "PrintNumbers\PrintNumbers.csproj", "{B55A3DDC-64C6-4FC8-9133-EB8C365DF089}"
EndProject
Global
	GlobalSection(SolutionConfigurationPlatforms) = preSolution
		Debug|Any CPU = Debug|Any CPU
		Release|Any CPU = Release|Any CPU
	EndGlobalSection
	GlobalSection(ProjectConfigurationPlatforms) = postSolution
		{66F83FDE-8EE6-49B4-A3C6-2F0509E5183D}.Debug|Any CPU.ActiveCfg = Debug|Any CPU
		{66F83FDE-8EE6-49B4-A3C6-2F0509E5183D}.Debug|Any CPU.Build.0 = Debug|Any CPU
		{66F83FDE-8EE6-49B4-A3C6-2F0509E5183D}.Release|Any CPU.ActiveCfg = Release|Any CPU
		{66F83FDE-8EE6-49B4-A3C6-2F0509E5183D}.Release|Any CPU.Build.0 = Release|Any CPU
		{B55A3DDC-64C6-4FC8-9133-EB8C365DF089}.Debug|Any CPU.ActiveCfg = Debug|Any CPU
		{B55A3DDC-64C6-4FC8-9133-EB8C365DF089}.Debug|Any CPU.Build.0 = Debug|Any CPU
		{B55A3DDC-64C6-4FC8-9133-EB8C365DF089}.Release|Any CPU.ActiveCfg = Release|Any CPU
		{B55A3DDC-64C6-4FC8-9133-EB8C365DF089}.Release|Any CPU.Build.0 = Release|Any CPU
	EndGlobalSection
	GlobalSection(SolutionProperties) = preSolution
		HideSolutionNode = FALSE
	EndGlobalSection
EndGlobal
